{
  "name": "1-codigos",
  "version": "1.0.0",
  "lockfileVersion": 1,
  "requires": true,
  "dependencies": {
    "moch": {
      "version": "0.0.1",
      "resolved": "https://registry.npmjs.org/moch/-/moch-0.0.1.tgz",
      "integrity": "sha1-tANvMva145NvEsP+eMW4HZUac0I=",
      "dev": true
    }
  }
}
